version = 1
revision = 2
requires-python = ">=3.12"

[[package]]
name = "orca-agent"
version = "0.1.0"
source = { editable = "." }
dependencies = [
    { name = "slack-sdk" },
]

[package.metadata]
requires-dist = [{ name = "slack-sdk", specifier = ">=3.35.0" }]

[[package]]
name = "slack-sdk"
version = "3.35.0"
source = { registry = "https://pypi.org/simple" }
sdist = { url = "https://files.pythonhosted.org/packages/32/a5/13077a5696ded22cc955ff6314028b7e6140b1c989b19ca27a6b26590e6e/slack_sdk-3.35.0.tar.gz", hash = "sha256:8183b6cbf26a0c1e2441478cd9c0dc4eef08d60c1394cfdc9a769e309a9b6459", size = 232887, upload-time = "2025-03-17T15:32:51.959Z" }
wheels = [
    { url = "https://files.pythonhosted.org/packages/32/8e/eed71dc79a187ba32681f12a104786ab89355bc474082211d92e1fba6bcf/slack_sdk-3.35.0-py2.py3-none-any.whl", hash = "sha256:00933d171fbd8a068b321ebb5f89612cc781d3183d8e3447c85499eca9d865be", size = 293272, upload-time = "2025-03-17T15:32:50.294Z" },
]
